
Microsoft Visual Studio Solution File, Format Version 12.00
# Visual Studio Version 17
VisualStudioVersion = 17.5.33424.131
MinimumVisualStudioVersion = 10.0.40219.1
Project("{8BC9CEB8-8B4A-11D0-8D11-00A0C91BC942}") = "230318_HomeWork", "KYKHomework\KYKHomework.vcxproj", "{EB0B0A05-669F-459A-B6CD-D6E7FC199FD7}"
EndProject
Project("{8BC9CEB8-8B4A-11D0-8D11-00A0C91BC942}") = "230321_HomeWork", "230321_HomeWork\230321_HomeWork.vcxproj", "{99A91E9C-EBB7-4CA9-BA9C-289DE38E5479}"
EndProject
Project("{8BC9CEB8-8B4A-11D0-8D11-00A0C91BC942}") = "230323_HomeWork", "230323_HomeWork\230323_HomeWork.vcxproj", "{0F73C6EE-9172-48FD-95B9-9E7011E6C8CE}"
EndProject
Project("{8BC9CEB8-8B4A-11D0-8D11-00A0C91BC942}") = "230324_HomeWork", "230324_HomeWork\230324_HomeWork.vcxproj", "{2F8759ED-0B2A-44B8-8F25-04ACC7D234DD}"
EndProject
Project("{8BC9CEB8-8B4A-11D0-8D11-00A0C91BC942}") = "230327_HomeWork", "230327_HomeWork\230327_HomeWork.vcxproj", "{02E73513-5A8B-4706-B43B-F360470B1CAD}"
EndProject
Global
	GlobalSection(SolutionConfigurationPlatforms) = preSolution
		Debug|x64 = Debug|x64
		Debug|x86 = Debug|x86
		Release|x64 = Release|x64
		Release|x86 = Release|x86
	EndGlobalSection
	GlobalSection(ProjectConfigurationPlatforms) = postSolution
		{EB0B0A05-669F-459A-B6CD-D6E7FC199FD7}.Debug|x64.ActiveCfg = Debug|x64
		{EB0B0A05-669F-459A-B6CD-D6E7FC199FD7}.Debug|x64.Build.0 = Debug|x64
		{EB0B0A05-669F-459A-B6CD-D6E7FC199FD7}.Debug|x86.ActiveCfg = Debug|Win32
		{EB0B0A05-669F-459A-B6CD-D6E7FC199FD7}.Debug|x86.Build.0 = Debug|Win32
		{EB0B0A05-669F-459A-B6CD-D6E7FC199FD7}.Release|x64.ActiveCfg = Release|x64
		{EB0B0A05-669F-459A-B6CD-D6E7FC199FD7}.Release|x64.Build.0 = Release|x64
		{EB0B0A05-669F-459A-B6CD-D6E7FC199FD7}.Release|x86.ActiveCfg = Release|Win32
		{EB0B0A05-669F-459A-B6CD-D6E7FC199FD7}.Release|x86.Build.0 = Release|Win32
		{99A91E9C-EBB7-4CA9-BA9C-289DE38E5479}.Debug|x64.ActiveCfg = Debug|x64
		{99A91E9C-EBB7-4CA9-BA9C-289DE38E5479}.Debug|x64.Build.0 = Debug|x64
		{99A91E9C-EBB7-4CA9-BA9C-289DE38E5479}.Debug|x86.ActiveCfg = Debug|Win32
		{99A91E9C-EBB7-4CA9-BA9C-289DE38E5479}.Debug|x86.Build.0 = Debug|Win32
		{99A91E9C-EBB7-4CA9-BA9C-289DE38E5479}.Release|x64.ActiveCfg = Release|x64
		{99A91E9C-EBB7-4CA9-BA9C-289DE38E5479}.Release|x64.Build.0 = Release|x64
		{99A91E9C-EBB7-4CA9-BA9C-289DE38E5479}.Release|x86.ActiveCfg = Release|Win32
		{99A91E9C-EBB7-4CA9-BA9C-289DE38E5479}.Release|x86.Build.0 = Release|Win32
		{0F73C6EE-9172-48FD-95B9-9E7011E6C8CE}.Debug|x64.ActiveCfg = Debug|x64
		{0F73C6EE-9172-48FD-95B9-9E7011E6C8CE}.Debug|x64.Build.0 = Debug|x64
		{0F73C6EE-9172-48FD-95B9-9E7011E6C8CE}.Debug|x86.ActiveCfg = Debug|Win32
		{0F73C6EE-9172-48FD-95B9-9E7011E6C8CE}.Debug|x86.Build.0 = Debug|Win32
		{0F73C6EE-9172-48FD-95B9-9E7011E6C8CE}.Release|x64.ActiveCfg = Release|x64
		{0F73C6EE-9172-48FD-95B9-9E7011E6C8CE}.Release|x64.Build.0 = Release|x64
		{0F73C6EE-9172-48FD-95B9-9E7011E6C8CE}.Release|x86.ActiveCfg = Release|Win32
		{0F73C6EE-9172-48FD-95B9-9E7011E6C8CE}.Release|x86.Build.0 = Release|Win32
		{2F8759ED-0B2A-44B8-8F25-04ACC7D234DD}.Debug|x64.ActiveCfg = Debug|x64
		{2F8759ED-0B2A-44B8-8F25-04ACC7D234DD}.Debug|x64.Build.0 = Debug|x64
		{2F8759ED-0B2A-44B8-8F25-04ACC7D234DD}.Debug|x86.ActiveCfg = Debug|Win32
		{2F8759ED-0B2A-44B8-8F25-04ACC7D234DD}.Debug|x86.Build.0 = Debug|Win32
		{2F8759ED-0B2A-44B8-8F25-04ACC7D234DD}.Release|x64.ActiveCfg = Release|x64
		{2F8759ED-0B2A-44B8-8F25-04ACC7D234DD}.Release|x64.Build.0 = Release|x64
		{2F8759ED-0B2A-44B8-8F25-04ACC7D234DD}.Release|x86.ActiveCfg = Release|Win32
		{2F8759ED-0B2A-44B8-8F25-04ACC7D234DD}.Release|x86.Build.0 = Release|Win32
		{02E73513-5A8B-4706-B43B-F360470B1CAD}.Debug|x64.ActiveCfg = Debug|x64
		{02E73513-5A8B-4706-B43B-F360470B1CAD}.Debug|x64.Build.0 = Debug|x64
		{02E73513-5A8B-4706-B43B-F360470B1CAD}.Debug|x86.ActiveCfg = Debug|Win32
		{02E73513-5A8B-4706-B43B-F360470B1CAD}.Debug|x86.Build.0 = Debug|Win32
		{02E73513-5A8B-4706-B43B-F360470B1CAD}.Release|x64.ActiveCfg = Release|x64
		{02E73513-5A8B-4706-B43B-F360470B1CAD}.Release|x64.Build.0 = Release|x64
		{02E73513-5A8B-4706-B43B-F360470B1CAD}.Release|x86.ActiveCfg = Release|Win32
		{02E73513-5A8B-4706-B43B-F360470B1CAD}.Release|x86.Build.0 = Release|Win32
	EndGlobalSection
	GlobalSection(SolutionProperties) = preSolution
		HideSolutionNode = FALSE
	EndGlobalSection
	GlobalSection(ExtensibilityGlobals) = postSolution
		SolutionGuid = {D0076550-E79F-42EC-A578-AE49BB108988}
	EndGlobalSection
EndGlobal
